{
  "nodes": {
    "nixpkgs": {
      "locked": {
        "lastModified": 1749111037,
        "narHash": "sha256-V5fbB7XUPz8qtuJntul/7PABtP35tlmcYpriRvJ3EBw=",
        "owner": "NixOS",
        "repo": "nixpkgs",
        "rev": "ba487dbc9d04e0634c64e3b1f0d25839a0a68246",
        "type": "github"
      },
      "original": {
        "id": "nixpkgs",
        "type": "indirect"
      }
    },
    "root": {
      "inputs": {
        "nixpkgs": "nixpkgs"
      }
    }
  },
  "root": "root",
  "version": 7
}
